
Microsoft Visual Studio Solution File, Format Version 11.00
# Visual Studio 2010
Project("{FAE04EC0-301F-11D3-BF4B-00C04F79EFBC}") = "Assembly-CSharp", "Assembly-CSharp.csproj", "{3f22773d-6e45-ef39-f275-3afdae72e527}"
EndProject
Project("{FAE04EC0-301F-11D3-BF4B-00C04F79EFBC}") = "Assembly-CSharp-Editor", "Assembly-CSharp-Editor.csproj", "{51b2df56-8a78-485d-1c9a-e1dbb5e52fbb}"
EndProject
Project("{FAE04EC0-301F-11D3-BF4B-00C04F79EFBC}") = "Assembly-CSharp-firstpass", "Assembly-CSharp-firstpass.csproj", "{666d1575-e468-8808-443b-9ae88e588bf0}"
EndProject
Global
	GlobalSection(SolutionConfigurationPlatforms) = preSolution
		Debug|Any CPU = Debug|Any CPU
	EndGlobalSection
	GlobalSection(ProjectConfigurationPlatforms) = postSolution
		{3f22773d-6e45-ef39-f275-3afdae72e527}.Debug|Any CPU.ActiveCfg = Debug|Any CPU
		{3f22773d-6e45-ef39-f275-3afdae72e527}.Debug|Any CPU.Build.0 = Debug|Any CPU
		{51b2df56-8a78-485d-1c9a-e1dbb5e52fbb}.Debug|Any CPU.ActiveCfg = Debug|Any CPU
		{51b2df56-8a78-485d-1c9a-e1dbb5e52fbb}.Debug|Any CPU.Build.0 = Debug|Any CPU
		{666d1575-e468-8808-443b-9ae88e588bf0}.Debug|Any CPU.ActiveCfg = Debug|Any CPU
		{666d1575-e468-8808-443b-9ae88e588bf0}.Debug|Any CPU.Build.0 = Debug|Any CPU
	EndGlobalSection
	GlobalSection(SolutionProperties) = preSolution
		HideSolutionNode = FALSE
	EndGlobalSection
EndGlobal
